
Microsoft Visual Studio Solution File, Format Version 12.00
# Visual Studio Version 16
VisualStudioVersion = 16.0.29519.87
MinimumVisualStudioVersion = 10.0.40219.1
Project("{FAE04EC0-301F-11D3-BF4B-00C04F79EFBC}") = "ChoresAPI", "ChoresAPI\ChoresAPI.csproj", "{06B4DA07-7482-46F9-ABE4-E931D92C10A2}"
EndProject
Global
	GlobalSection(SolutionConfigurationPlatforms) = preSolution
		Debug|Any CPU = Debug|Any CPU
		Release|Any CPU = Release|Any CPU
	EndGlobalSection
	GlobalSection(ProjectConfigurationPlatforms) = postSolution
		{06B4DA07-7482-46F9-ABE4-E931D92C10A2}.Debug|Any CPU.ActiveCfg = Debug|Any CPU
		{06B4DA07-7482-46F9-ABE4-E931D92C10A2}.Debug|Any CPU.Build.0 = Debug|Any CPU
		{06B4DA07-7482-46F9-ABE4-E931D92C10A2}.Release|Any CPU.ActiveCfg = Release|Any CPU
		{06B4DA07-7482-46F9-ABE4-E931D92C10A2}.Release|Any CPU.Build.0 = Release|Any CPU
	EndGlobalSection
	GlobalSection(SolutionProperties) = preSolution
		HideSolutionNode = FALSE
	EndGlobalSection
	GlobalSection(ExtensibilityGlobals) = postSolution
		SolutionGuid = {F1DCDB1C-1E5C-4BA1-ADC8-16D125D8536D}
	EndGlobalSection
EndGlobal
